Microsoft Visual Studio Solution File, Format Version 12.00
# Visual Studio Version 17
VisualStudioVersion = 17.10.34928.147
MinimumVisualStudioVersion = 10.0.40219.1
Project("{8BC9CEB8-8B4A-11D0-8D11-00A0C91BC942}") = "PeaZip.ShellEx", "PeaZip.ShellEx\PeaZip.ShellEx.vcxproj", "{D76CE929-8988-40FD-8C54-6A05D5AA6989}"
EndProject
Project("{C7167F0D-BC9F-4E6E-AFE1-012C56B48DB5}") = "PeaZip.Package", "PeaZip.Package\PeaZip.Package.wapproj", "{9355CA9B-1B1D-4B55-9476-A1B475B81150}"
EndProject
Project("{2150E333-8FDC-42A3-9474-1A3956D46DE8}") = "Solution Items", "Solution Items", "{294D5A4A-D5AF-4C0F-A28B-3205999B361E}"
	ProjectSection(SolutionItems) = preProject
		.editorconfig = .editorconfig
		Directory.Build.props = Directory.Build.props
		Directory.Packages.props = Directory.Packages.props
		HybridCRT.props = HybridCRT.props
		nuget.config = nuget.config
	EndProjectSection
EndProject
Project("{9A19103F-16F7-4668-BE54-9A1E7A4F7556}") = "PeaZip.Config", "PeaZip.Config\PeaZip.Config\PeaZip.Config.csproj", "{BAAFB96B-23B3-4072-BE85-1E6D577E3607}"
EndProject
Project("{9A19103F-16F7-4668-BE54-9A1E7A4F7556}") = "PeaZip.ShellEx.Flags", "PeaZip.ShellEx.Flags\PeaZip.ShellEx.Flags.csproj", "{C08B5991-C0C0-40CE-80B1-50BAB9F5681E}"
EndProject
Global
	GlobalSection(ExtensibilityGlobals) = postSolution
		SolutionGuid = {153AB3BD-63CE-4419-B560-2E119327CB69}
	EndGlobalSection
	GlobalSection(ProjectConfigurationPlatforms) = postSolution
		{9355CA9B-1B1D-4B55-9476-A1B475B81150}.Debug|ARM64.ActiveCfg = Debug|x64
		{9355CA9B-1B1D-4B55-9476-A1B475B81150}.Debug|ARM64.Build.0 = Debug|x64
		{9355CA9B-1B1D-4B55-9476-A1B475B81150}.Debug|ARM64.Deploy.0 = Debug|x64
		{9355CA9B-1B1D-4B55-9476-A1B475B81150}.Debug|x64.ActiveCfg = Debug|x64
		{9355CA9B-1B1D-4B55-9476-A1B475B81150}.Debug|x64.Build.0 = Debug|x64
		{9355CA9B-1B1D-4B55-9476-A1B475B81150}.Debug|x64.Deploy.0 = Debug|x64
		{9355CA9B-1B1D-4B55-9476-A1B475B81150}.Debug|x86.ActiveCfg = Debug|x64
		{9355CA9B-1B1D-4B55-9476-A1B475B81150}.Debug|x86.Build.0 = Debug|x64
		{9355CA9B-1B1D-4B55-9476-A1B475B81150}.Debug|x86.Deploy.0 = Debug|x64
		{9355CA9B-1B1D-4B55-9476-A1B475B81150}.Release|ARM64.ActiveCfg = Release|x64
		{9355CA9B-1B1D-4B55-9476-A1B475B81150}.Release|ARM64.Build.0 = Release|x64
		{9355CA9B-1B1D-4B55-9476-A1B475B81150}.Release|ARM64.Deploy.0 = Release|x64
		{9355CA9B-1B1D-4B55-9476-A1B475B81150}.Release|x64.ActiveCfg = Release|x64
		{9355CA9B-1B1D-4B55-9476-A1B475B81150}.Release|x64.Build.0 = Release|x64
		{9355CA9B-1B1D-4B55-9476-A1B475B81150}.Release|x64.Deploy.0 = Release|x64
		{9355CA9B-1B1D-4B55-9476-A1B475B81150}.Release|x86.ActiveCfg = Release|x64
		{9355CA9B-1B1D-4B55-9476-A1B475B81150}.Release|x86.Build.0 = Release|x64
		{9355CA9B-1B1D-4B55-9476-A1B475B81150}.Release|x86.Deploy.0 = Release|x64
		{BAAFB96B-23B3-4072-BE85-1E6D577E3607}.Debug|ARM64.ActiveCfg = Debug|ARM64
		{BAAFB96B-23B3-4072-BE85-1E6D577E3607}.Debug|ARM64.Build.0 = Debug|ARM64
		{BAAFB96B-23B3-4072-BE85-1E6D577E3607}.Debug|x64.ActiveCfg = Debug|x64
		{BAAFB96B-23B3-4072-BE85-1E6D577E3607}.Debug|x64.Build.0 = Debug|x64
		{BAAFB96B-23B3-4072-BE85-1E6D577E3607}.Debug|x86.ActiveCfg = Debug|x64
		{BAAFB96B-23B3-4072-BE85-1E6D577E3607}.Debug|x86.Build.0 = Debug|x64
		{BAAFB96B-23B3-4072-BE85-1E6D577E3607}.Release|ARM64.ActiveCfg = Release|ARM64
		{BAAFB96B-23B3-4072-BE85-1E6D577E3607}.Release|ARM64.Build.0 = Release|ARM64
		{BAAFB96B-23B3-4072-BE85-1E6D577E3607}.Release|x64.ActiveCfg = Release|x64
		{BAAFB96B-23B3-4072-BE85-1E6D577E3607}.Release|x64.Build.0 = Release|x64
		{BAAFB96B-23B3-4072-BE85-1E6D577E3607}.Release|x86.ActiveCfg = Release|x64
		{BAAFB96B-23B3-4072-BE85-1E6D577E3607}.Release|x86.Build.0 = Release|x64
		{C08B5991-C0C0-40CE-80B1-50BAB9F5681E}.Debug|ARM64.ActiveCfg = Debug|ARM64
		{C08B5991-C0C0-40CE-80B1-50BAB9F5681E}.Debug|ARM64.Build.0 = Debug|ARM64
		{C08B5991-C0C0-40CE-80B1-50BAB9F5681E}.Debug|x64.ActiveCfg = Debug|x64
		{C08B5991-C0C0-40CE-80B1-50BAB9F5681E}.Debug|x64.Build.0 = Debug|x64
		{C08B5991-C0C0-40CE-80B1-50BAB9F5681E}.Debug|x86.ActiveCfg = Debug|x64
		{C08B5991-C0C0-40CE-80B1-50BAB9F5681E}.Debug|x86.Build.0 = Debug|x64
		{C08B5991-C0C0-40CE-80B1-50BAB9F5681E}.Release|ARM64.ActiveCfg = Release|ARM64
		{C08B5991-C0C0-40CE-80B1-50BAB9F5681E}.Release|ARM64.Build.0 = Release|ARM64
		{C08B5991-C0C0-40CE-80B1-50BAB9F5681E}.Release|x64.ActiveCfg = Release|x64
		{C08B5991-C0C0-40CE-80B1-50BAB9F5681E}.Release|x64.Build.0 = Release|x64
		{C08B5991-C0C0-40CE-80B1-50BAB9F5681E}.Release|x86.ActiveCfg = Release|x64
		{C08B5991-C0C0-40CE-80B1-50BAB9F5681E}.Release|x86.Build.0 = Release|x64
		{D76CE929-8988-40FD-8C54-6A05D5AA6989}.Debug|ARM64.ActiveCfg = Debug|x64
		{D76CE929-8988-40FD-8C54-6A05D5AA6989}.Debug|ARM64.Build.0 = Debug|x64
		{D76CE929-8988-40FD-8C54-6A05D5AA6989}.Debug|x64.ActiveCfg = Debug|x64
		{D76CE929-8988-40FD-8C54-6A05D5AA6989}.Debug|x64.Build.0 = Debug|x64
		{D76CE929-8988-40FD-8C54-6A05D5AA6989}.Debug|x86.ActiveCfg = Debug|x64
		{D76CE929-8988-40FD-8C54-6A05D5AA6989}.Debug|x86.Build.0 = Debug|x64
		{D76CE929-8988-40FD-8C54-6A05D5AA6989}.Release|ARM64.ActiveCfg = Release|x64
		{D76CE929-8988-40FD-8C54-6A05D5AA6989}.Release|ARM64.Build.0 = Release|x64
		{D76CE929-8988-40FD-8C54-6A05D5AA6989}.Release|x64.ActiveCfg = Release|x64
		{D76CE929-8988-40FD-8C54-6A05D5AA6989}.Release|x64.Build.0 = Release|x64
		{D76CE929-8988-40FD-8C54-6A05D5AA6989}.Release|x86.ActiveCfg = Release|x64
		{D76CE929-8988-40FD-8C54-6A05D5AA6989}.Release|x86.Build.0 = Release|x64
	EndGlobalSection
	GlobalSection(SolutionConfigurationPlatforms) = preSolution
		Debug|ARM64 = Debug|ARM64
		Debug|x64 = Debug|x64
		Debug|x86 = Debug|x86
		Release|ARM64 = Release|ARM64
		Release|x64 = Release|x64
		Release|x86 = Release|x86
	EndGlobalSection
	GlobalSection(SolutionProperties) = preSolution
		HideSolutionNode = FALSE
	EndGlobalSection
EndGlobal
d.0 = Release|x64
		{D76CE929-8988-40FD-8C54-6A05D5AA6989}.Release|x64.ActiveCfg = Release|x64
		{D76CE929-8988-40FD-8C54-6A05D5AA6989}.Release|x64.Build.0 = Release|x64
	EndGlobalSection
	GlobalSection(SolutionConfigurationPlatforms) = preSolution
		Debug|ARM64 = Debug|ARM64
		Debug|x64 = Debug|x64
		Release|ARM64 = Release|ARM64
		Release|x64 = Release|x64
	EndGlobalSection
	GlobalSection(SolutionProperties) = preSolution
		HideSolutionNode = FALSE
	EndGlobalSection
EndGlobal
.Release|x86.ActiveCfg = Release|x64
		{BAAFB96B-23B3-4072-BE85-1E6D577E3607}.Release|x86.Build.0 = Release|x64
		{C08B5991-C0C0-40CE-80B1-50BAB9F5681E}.Debug|ARM64.ActiveCfg = Debug|ARM64
		{C08B5991-C0C0-40CE-80B1-50BAB9F5681E}.Debug|ARM64.Build.0 = Debug|ARM64
		{C08B5991-C0C0-40CE-80B1-50BAB9F5681E}.Debug|x64.ActiveCfg = Debug|x64
		{C08B5991-C0C0-40CE-80B1-50BAB9F5681E}.Debug|x64.Build.0 = Debug|x64
		{C08B5991-C0C0-40CE-80B1-50BAB9F5681E}.Debug|x86.ActiveCfg = Debug|x64
		{C08B5991-C0C0-40CE-80B1-50BAB9F5681E}.Debug|x86.Build.0 = Debug|x64
		{C08B5991-C0C0-40CE-80B1-50BAB9F5681E}.Release|ARM64.ActiveCfg = Release|ARM64
		{C08B5991-C0C0-40CE-80B1-50BAB9F5681E}.Release|ARM64.Build.0 = Release|ARM64
		{C08B5991-C0C0-40CE-80B1-50BAB9F5681E}.Release|x64.ActiveCfg = Release|x64
		{C08B5991-C0C0-40CE-80B1-50BAB9F5681E}.Release|x64.Build.0 = Release|x64
		{C08B5991-C0C0-40CE-80B1-50BAB9F5681E}.Release|x86.ActiveCfg = Release|x64
		{C08B5991-C0C0-40CE-80B1-50BAB9F5681E}.Release|x86.Build.0 = Release|x64
		{D76CE929-8988-40FD-8C54-6A05D5AA6989}.Debug|ARM64.ActiveCfg = Debug|x64
		{D76CE929-8988-40FD-8C54-6A05D5AA6989}.Debug|ARM64.Build.0 = Debug|x64
		{D76CE929-8988-40FD-8C54-6A05D5AA6989}.Debug|x64.ActiveCfg = Debug|x64
		{D76CE929-8988-40FD-8C54-6A05D5AA6989}.Debug|x64.Build.0 = Debug|x64
		{D76CE929-8988-40FD-8C54-6A05D5AA6989}.Debug|x86.ActiveCfg = Debug|x64
		{D76CE929-8988-40FD-8C54-6A05D5AA6989}.Debug|x86.Build.0 = Debug|x64
		{D76CE929-8988-40FD-8C54-6A05D5AA6989}.Release|ARM64.ActiveCfg = Release|x64
		{D76CE929-8988-40FD-8C54-6A05D5AA6989}.Release|ARM64.Build.0 = Release|x64
		{D76CE929-8988-40FD-8C54-6A05D5AA6989}.Release|x64.ActiveCfg = Release|x64
		{D76CE929-8988-40FD-8C54-6A05D5AA6989}.Release|x64.Build.0 = Release|x64
		{D76CE929-8988-40FD-8C54-6A05D5AA6989}.Release|x86.ActiveCfg = Release|x64
		{D76CE929-8988-40FD-8C54-6A05D5AA6989}.Release|x86.Build.0 = Release|x64
	EndGlobalSection
	GlobalSection(SolutionConfigurationPlatforms) = preSolution
		Debug|ARM64 = Debug|ARM64
		Debug|x64 = Debug|x64
		Debug|x86 = Debug|x86
		Release|ARM64 = Release|ARM64
		Release|x64 = Release|x64
		Release|x86 = Release|x86
	EndGlobalSection
	GlobalSection(SolutionProperties) = preSolution
		HideSolutionNode = FALSE
	EndGlobalSection
EndGlobal
HideSolutionNode = FALSE
	EndGlobalSection
EndGlobal
